
Microsoft Visual Studio Solution File, Format Version 12.00
# Visual Studio Version 16
VisualStudioVersion = 16.0.29025.244
MinimumVisualStudioVersion = 10.0.40219.1
Project("{FAE04EC0-301F-11D3-BF4B-00C04F79EFBC}") = "Lab13", "Lab13\Lab13.csproj", "{6D064A39-D4E9-4788-99A1-7943280597FB}"
EndProject
Global
	GlobalSection(SolutionConfigurationPlatforms) = preSolution
		Debug|Any CPU = Debug|Any CPU
		Release|Any CPU = Release|Any CPU
	EndGlobalSection
	GlobalSection(ProjectConfigurationPlatforms) = postSolution
		{6D064A39-D4E9-4788-99A1-7943280597FB}.Debug|Any CPU.ActiveCfg = Debug|Any CPU
		{6D064A39-D4E9-4788-99A1-7943280597FB}.Debug|Any CPU.Build.0 = Debug|Any CPU
		{6D064A39-D4E9-4788-99A1-7943280597FB}.Release|Any CPU.ActiveCfg = Release|Any CPU
		{6D064A39-D4E9-4788-99A1-7943280597FB}.Release|Any CPU.Build.0 = Release|Any CPU
	EndGlobalSection
	GlobalSection(SolutionProperties) = preSolution
		HideSolutionNode = FALSE
	EndGlobalSection
	GlobalSection(ExtensibilityGlobals) = postSolution
		SolutionGuid = {FECF5AB6-F5C0-4419-99C7-568C7BAAEEBB}
	EndGlobalSection
EndGlobal
